{
  "originHash" : "d2ed7007f6227ecb4f5db4c69b907825cfb5840a90749924765e14bd942d63a8",
  "pins" : [
    {
      "identity" : "wwbytereader",
      "kind" : "remoteSourceControl",
      "location" : "https://github.com/William-Weng/WWByteReader",
      "state" : {
        "revision" : "8f4bb67161ca275b7f64125f5d40361bf6368244",
        "version" : "1.2.2"
      }
    }
  ],
  "version" : 3
}
