{
  "originHash" : "d2ed7007f6227ecb4f5db4c69b907825cfb5840a90749924765e14bd942d63a8",
  "pins" : [
    {
      "identity" : "wwbytereader",
      "kind" : "remoteSourceControl",
      "location" : "https://github.com/William-Weng/WWByteReader",
      "state" : {
        "revision" : "94d1f1eb0081e26b2083a6468a059a05a9f2c0c7",
        "version" : "1.2.3"
      }
    }
  ],
  "version" : 3
}
